
Microsoft Visual Studio Solution File, Format Version 12.00
Project("{FAE04EC0-301F-11D3-BF4B-00C04F79EFBC}") = "LinQ-2", "LinQ-2\LinQ-2.csproj", "{29EA915C-1501-4F3D-AD7B-3A5EE0633198}"
EndProject
Project("{FAE04EC0-301F-11D3-BF4B-00C04F79EFBC}") = "GroupBy", "GroupBy\GroupBy.csproj", "{BEA18BC9-3A51-46CC-B906-D119AD082A30}"
EndProject
Project("{FAE04EC0-301F-11D3-BF4B-00C04F79EFBC}") = "OtherMethods", "OtherMethods\OtherMethods.csproj", "{1417A719-F296-4BC7-B845-0B1E00254EE4}"
EndProject
Global
	GlobalSection(SolutionConfigurationPlatforms) = preSolution
		Debug|Any CPU = Debug|Any CPU
		Release|Any CPU = Release|Any CPU
	EndGlobalSection
	GlobalSection(ProjectConfigurationPlatforms) = postSolution
		{29EA915C-1501-4F3D-AD7B-3A5EE0633198}.Debug|Any CPU.ActiveCfg = Debug|Any CPU
		{29EA915C-1501-4F3D-AD7B-3A5EE0633198}.Debug|Any CPU.Build.0 = Debug|Any CPU
		{29EA915C-1501-4F3D-AD7B-3A5EE0633198}.Release|Any CPU.ActiveCfg = Release|Any CPU
		{29EA915C-1501-4F3D-AD7B-3A5EE0633198}.Release|Any CPU.Build.0 = Release|Any CPU
		{BEA18BC9-3A51-46CC-B906-D119AD082A30}.Debug|Any CPU.ActiveCfg = Debug|Any CPU
		{BEA18BC9-3A51-46CC-B906-D119AD082A30}.Debug|Any CPU.Build.0 = Debug|Any CPU
		{BEA18BC9-3A51-46CC-B906-D119AD082A30}.Release|Any CPU.ActiveCfg = Release|Any CPU
		{BEA18BC9-3A51-46CC-B906-D119AD082A30}.Release|Any CPU.Build.0 = Release|Any CPU
		{1417A719-F296-4BC7-B845-0B1E00254EE4}.Debug|Any CPU.ActiveCfg = Debug|Any CPU
		{1417A719-F296-4BC7-B845-0B1E00254EE4}.Debug|Any CPU.Build.0 = Debug|Any CPU
		{1417A719-F296-4BC7-B845-0B1E00254EE4}.Release|Any CPU.ActiveCfg = Release|Any CPU
		{1417A719-F296-4BC7-B845-0B1E00254EE4}.Release|Any CPU.Build.0 = Release|Any CPU
	EndGlobalSection
EndGlobal
